<?xml version="1.0" encoding="utf-8"?>
<Project ToolsVersion="4.0" xmlns="http://schemas.microsoft.com/developer/msbuild/2003">
  <ItemGroup>
    <Filter Include="Source Files">
      <UniqueIdentifier>{4FC737F1-C7A5-4376-A066-2A32D752A2FF}</UniqueIdentifier>
      <Extensions>cpp;cxx;c;def</Extensions>
    </Filter>
    <Filter Include="Header Files">
      <UniqueIdentifier>{93995380-89BD-4b04-88EB-625FBE52EBFB}</UniqueIdentifier>
      <Extensions>h</Extensions>
    </Filter>
    <Filter Include="Form Files">
      <UniqueIdentifier>{99349809-55BA-4b9d-BF79-8FDBB0286EB3}</UniqueIdentifier>
      <Extensions>ui</Extensions>
    </Filter>
    <Filter Include="Resource Files">
      <UniqueIdentifier>{D9D6E242-F8AF-46E4-B9FD-80ECBC20BA3E}</UniqueIdentifier>
      <Extensions>qrc;*</Extensions>
      <ParseFiles>false</ParseFiles>
    </Filter>
    <Filter Include="Generated Files">
      <UniqueIdentifier>{71ED8ED8-ACB9-4CE9-BBE1-E00B30144E11}</UniqueIdentifier>
      <Extensions>moc;h;cpp</Extensions>
      <SourceControlFiles>False</SourceControlFiles>
    </Filter>
    <Filter Include="Generated Files\Debug">
      <UniqueIdentifier>{d3e1f5af-fff5-4066-8332-b14b273dc65e}</UniqueIdentifier>
      <Extensions>cpp;moc</Extensions>
      <SourceControlFiles>False</SourceControlFiles>
    </Filter>
    <Filter Include="Generated Files\Release">
      <UniqueIdentifier>{6fec706e-049f-4920-9a75-da693a369143}</UniqueIdentifier>
      <Extensions>cpp;moc</Extensions>
      <SourceControlFiles>False</SourceControlFiles>
    </Filter>
  </ItemGroup>
  <ItemGroup>
    <ClCompile Include="main.cpp">
      <Filter>Source Files</Filter>
    </ClCompile>
    <ClCompile Include="rendersystem.cpp">
      <Filter>Source Files</Filter>
    </ClCompile>
    <ClCompile Include="GeneratedFiles\Debug\moc_rendersystem.cpp">
      <Filter>Generated Files\Debug</Filter>
    </ClCompile>
    <ClCompile Include="GeneratedFiles\Release\moc_rendersystem.cpp">
      <Filter>Generated Files\Release</Filter>
    </ClCompile>
    <ClCompile Include="GeneratedFiles\qrc_rendersystem.cpp">
      <Filter>Generated Files</Filter>
    </ClCompile>
    <ClCompile Include="oglWidget.cpp">
      <Filter>Header Files</Filter>
    </ClCompile>
    <ClCompile Include="d3dWidget.cpp">
      <Filter>Header Files</Filter>
    </ClCompile>
    <ClCompile Include="GeneratedFiles\Debug\moc_d3dWidget.cpp">
      <Filter>Generated Files\Debug</Filter>
    </ClCompile>
    <ClCompile Include="GeneratedFiles\Release\moc_d3dWidget.cpp">
      <Filter>Generated Files\Release</Filter>
    </ClCompile>
    <ClCompile Include="triangle.cpp">
      <Filter>Header Files</Filter>
    </ClCompile>
    <ClCompile Include="Shader.cpp">
      <Filter>Header Files</Filter>
    </ClCompile>
    <ClCompile Include="Utility.cpp">
      <Filter>Header Files</Filter>
    </ClCompile>
    <ClCompile Include="dxerr.cpp">
      <Filter>Header Files</Filter>
    </ClCompile>
  </ItemGroup>
  <ItemGroup>
    <CustomBuild Include="rendersystem.ui">
      <Filter>Form Files</Filter>
    </CustomBuild>
    <CustomBuild Include="rendersystem.qrc">
      <Filter>Resource Files</Filter>
    </CustomBuild>
    <CustomBuild Include="d3dWidget.h">
      <Filter>Header Files</Filter>
    </CustomBuild>
    <CustomBuild Include="rendersystem.h">
      <Filter>Source Files</Filter>
    </CustomBuild>
  </ItemGroup>
  <ItemGroup>
    <ClInclude Include="GeneratedFiles\ui_rendersystem.h">
      <Filter>Generated Files</Filter>
    </ClInclude>
    <ClInclude Include="oglWidget.h">
      <Filter>Header Files</Filter>
    </ClInclude>
    <ClInclude Include="triangle.h">
      <Filter>Header Files</Filter>
    </ClInclude>
    <ClInclude Include="Utility.h">
      <Filter>Header Files</Filter>
    </ClInclude>
    <ClInclude Include="Shader.h">
      <Filter>Header Files</Filter>
    </ClInclude>
    <ClInclude Include="dxerr.h">
      <Filter>Header Files</Filter>
    </ClInclude>
  </ItemGroup>
  <ItemGroup>
    <None Include="triangle.psh">
      <Filter>Header Files</Filter>
    </None>
    <None Include="triangle.vsh">
      <Filter>Header Files</Filter>
    </None>
  </ItemGroup>
</Project>